
Microsoft Visual Studio Solution File, Format Version 12.00
# Visual Studio Version 16
VisualStudioVersion = 16.0.28729.10
MinimumVisualStudioVersion = 10.0.40219.1
Project("{FAE04EC0-301F-11D3-BF4B-00C04F79EFBC}") = "Maria_Magdalena", "Maria_Magdalena\Maria_Magdalena.csproj", "{3208BE64-BC6C-449C-82EB-8B2D7A78B8F4}"
EndProject
Global
	GlobalSection(SolutionConfigurationPlatforms) = preSolution
		Debug|Any CPU = Debug|Any CPU
		Release|Any CPU = Release|Any CPU
	EndGlobalSection
	GlobalSection(ProjectConfigurationPlatforms) = postSolution
		{3208BE64-BC6C-449C-82EB-8B2D7A78B8F4}.Debug|Any CPU.ActiveCfg = Debug|Any CPU
		{3208BE64-BC6C-449C-82EB-8B2D7A78B8F4}.Debug|Any CPU.Build.0 = Debug|Any CPU
		{3208BE64-BC6C-449C-82EB-8B2D7A78B8F4}.Release|Any CPU.ActiveCfg = Release|Any CPU
		{3208BE64-BC6C-449C-82EB-8B2D7A78B8F4}.Release|Any CPU.Build.0 = Release|Any CPU
	EndGlobalSection
	GlobalSection(SolutionProperties) = preSolution
		HideSolutionNode = FALSE
	EndGlobalSection
	GlobalSection(ExtensibilityGlobals) = postSolution
		SolutionGuid = {6F0D1B2D-BDE8-4470-A7A4-AEB45B9FAD11}
	EndGlobalSection
EndGlobal
